# This file was autogenerated by uv via the following command:
#    uv pip compile pyproject.toml -o requirements.lock
coverage==7.9.1
    # via pytest-cov
iniconfig==2.1.0
    # via pytest
packaging==25.0
    # via pytest
pluggy==1.6.0
    # via
    #   pytest
    #   pytest-cov
pygments==2.19.2
    # via pytest
pytest==8.4.1
    # via
    #   pytest-cov
    #   pytest-timeout
pytest-cov==6.2.1
    # via warp-content-processor (pyproject.toml)
pytest-timeout==2.4.0
    # via warp-content-processor (pyproject.toml)
pyyaml==6.0.2
    # via warp-content-processor (pyproject.toml)
